
Microsoft Visual Studio Solution File, Format Version 12.00
# Visual Studio 2013
VisualStudioVersion = 12.0.21005.1
MinimumVisualStudioVersion = 10.0.40219.1
Project("{FAE04EC0-301F-11D3-BF4B-00C04F79EFBC}") = "Shapeshifter.Desktop", "Shapeshifter.Desktop.csproj", "{9C981FCE-239E-4D7A-B4E1-798EF05886BA}"
EndProject
Project("{FAE04EC0-301F-11D3-BF4B-00C04F79EFBC}") = "Communicator", "..\..\Communicator\Communicator\Communicator.csproj", "{9FF88144-59F1-48A8-AC0B-8BB5E3E09765}"
EndProject
Global
	GlobalSection(SolutionConfigurationPlatforms) = preSolution
		Debug|Any CPU = Debug|Any CPU
		Debug|ARM = Debug|ARM
		Debug|Mixed Platforms = Debug|Mixed Platforms
		Debug|Win32 = Debug|Win32
		Debug|x64 = Debug|x64
		Debug|x86 = Debug|x86
	EndGlobalSection
	GlobalSection(ProjectConfigurationPlatforms) = postSolution
		{9C981FCE-239E-4D7A-B4E1-798EF05886BA}.Debug|Any CPU.ActiveCfg = Debug|Any CPU
		{9C981FCE-239E-4D7A-B4E1-798EF05886BA}.Debug|Any CPU.Build.0 = Debug|Any CPU
		{9C981FCE-239E-4D7A-B4E1-798EF05886BA}.Debug|ARM.ActiveCfg = Debug|Any CPU
		{9C981FCE-239E-4D7A-B4E1-798EF05886BA}.Debug|Mixed Platforms.ActiveCfg = Debug|Any CPU
		{9C981FCE-239E-4D7A-B4E1-798EF05886BA}.Debug|Mixed Platforms.Build.0 = Debug|Any CPU
		{9C981FCE-239E-4D7A-B4E1-798EF05886BA}.Debug|Win32.ActiveCfg = Debug|Any CPU
		{9C981FCE-239E-4D7A-B4E1-798EF05886BA}.Debug|x64.ActiveCfg = Debug|Any CPU
		{9C981FCE-239E-4D7A-B4E1-798EF05886BA}.Debug|x86.ActiveCfg = Debug|Any CPU
		{9FF88144-59F1-48A8-AC0B-8BB5E3E09765}.Debug|Any CPU.ActiveCfg = Debug|Any CPU
		{9FF88144-59F1-48A8-AC0B-8BB5E3E09765}.Debug|Any CPU.Build.0 = Debug|Any CPU
		{9FF88144-59F1-48A8-AC0B-8BB5E3E09765}.Debug|ARM.ActiveCfg = Debug|Any CPU
		{9FF88144-59F1-48A8-AC0B-8BB5E3E09765}.Debug|Mixed Platforms.ActiveCfg = Debug|Any CPU
		{9FF88144-59F1-48A8-AC0B-8BB5E3E09765}.Debug|Mixed Platforms.Build.0 = Debug|Any CPU
		{9FF88144-59F1-48A8-AC0B-8BB5E3E09765}.Debug|Win32.ActiveCfg = Debug|Any CPU
		{9FF88144-59F1-48A8-AC0B-8BB5E3E09765}.Debug|x64.ActiveCfg = Debug|Any CPU
		{9FF88144-59F1-48A8-AC0B-8BB5E3E09765}.Debug|x86.ActiveCfg = Debug|Any CPU
	EndGlobalSection
	GlobalSection(SolutionProperties) = preSolution
		HideSolutionNode = FALSE
	EndGlobalSection
EndGlobal
